
Microsoft Visual Studio Solution File, Format Version 12.00
# Visual Studio Version 17
VisualStudioVersion = 17.7.34003.232
MinimumVisualStudioVersion = 10.0.40219.1
Project("{FAE04EC0-301F-11D3-BF4B-00C04F79EFBC}") = "Homework7", "Homework7\Homework7.csproj", "{26D72B64-920C-438F-A8DA-06C0C54834EC}"
EndProject
Global
	GlobalSection(SolutionConfigurationPlatforms) = preSolution
		Debug|Any CPU = Debug|Any CPU
		Release|Any CPU = Release|Any CPU
	EndGlobalSection
	GlobalSection(ProjectConfigurationPlatforms) = postSolution
		{26D72B64-920C-438F-A8DA-06C0C54834EC}.Debug|Any CPU.ActiveCfg = Debug|Any CPU
		{26D72B64-920C-438F-A8DA-06C0C54834EC}.Debug|Any CPU.Build.0 = Debug|Any CPU
		{26D72B64-920C-438F-A8DA-06C0C54834EC}.Release|Any CPU.ActiveCfg = Release|Any CPU
		{26D72B64-920C-438F-A8DA-06C0C54834EC}.Release|Any CPU.Build.0 = Release|Any CPU
	EndGlobalSection
	GlobalSection(SolutionProperties) = preSolution
		HideSolutionNode = FALSE
	EndGlobalSection
	GlobalSection(ExtensibilityGlobals) = postSolution
		SolutionGuid = {D3BCB15E-CB4F-4DF2-A0CD-2FE6418E71ED}
	EndGlobalSection
EndGlobal
